
Microsoft Visual Studio Solution File, Format Version 12.00
Project("{2150E333-8FDC-42A3-9474-1A3956D46DE8}") = "src", "src", "{8684105F-1559-448A-994A-6C06DD08220E}"
EndProject
Project("{2150E333-8FDC-42A3-9474-1A3956D46DE8}") = "ShoppingCart", "ShoppingCart", "{0E443DCC-CE93-43FC-87C8-92E38C7BAF81}"
EndProject
Project("{2150E333-8FDC-42A3-9474-1A3956D46DE8}") = "Hosts", "Hosts", "{7D3FBB79-1AD8-4ECE-BEDB-771A3E734586}"
EndProject
Project("{FAE04EC0-301F-11D3-BF4B-00C04F79EFBC}") = "ShoppingCart.Api", "src\ShoppingCart\Hosts\ShoppingCart.Api\ShoppingCart.Api.csproj", "{DE63C0E6-B081-4F09-A5FF-5E769BEF2EBA}"
EndProject
Project("{2150E333-8FDC-42A3-9474-1A3956D46DE8}") = "Contracts", "Contracts", "{709BCDE8-B738-4B38-AA6D-B674F5836552}"
EndProject
Project("{FAE04EC0-301F-11D3-BF4B-00C04F79EFBC}") = "ShoppingCart.Contracts", "src\ShoppingCart\Contracts\ShoppingCart.Contracts\ShoppingCart.Contracts.csproj", "{2E183177-1EFC-4C8A-991D-ED777B98C75F}"
EndProject
Project("{2150E333-8FDC-42A3-9474-1A3956D46DE8}") = "Domain", "Domain", "{92B7C53B-BC20-4183-8FB6-D292315A6DA6}"
EndProject
Project("{FAE04EC0-301F-11D3-BF4B-00C04F79EFBC}") = "ShoppingCart.Domain", "src\ShoppingCart\Domain\ShoppingCart.Domain\ShoppingCart.Domain.csproj", "{C3B3CC12-3580-47E7-8DFD-18262381CACF}"
EndProject
Project("{2150E333-8FDC-42A3-9474-1A3956D46DE8}") = "Infrastructure", "Infrastructure", "{51A1C00C-FB75-492E-9B8F-B67654B9730F}"
EndProject
Project("{FAE04EC0-301F-11D3-BF4B-00C04F79EFBC}") = "ShoppingCart.DataAccess", "src\ShoppingCart\Infrastructure\ShoppingCart.DataAccess\ShoppingCart.DataAccess.csproj", "{837787B4-5BF9-402A-BD93-D9336678846D}"
EndProject
Project("{FAE04EC0-301F-11D3-BF4B-00C04F79EFBC}") = "ShoppingCart.Registrar", "src\ShoppingCart\Infrastructure\ShoppingCart.Registrar\ShoppingCart.Registrar.csproj", "{C6B2CDC7-C3F3-42FC-A8AD-CD7324C48202}"
EndProject
Global
	GlobalSection(SolutionConfigurationPlatforms) = preSolution
		Debug|Any CPU = Debug|Any CPU
		Release|Any CPU = Release|Any CPU
	EndGlobalSection
	GlobalSection(NestedProjects) = preSolution
		{0E443DCC-CE93-43FC-87C8-92E38C7BAF81} = {8684105F-1559-448A-994A-6C06DD08220E}
		{7D3FBB79-1AD8-4ECE-BEDB-771A3E734586} = {0E443DCC-CE93-43FC-87C8-92E38C7BAF81}
		{DE63C0E6-B081-4F09-A5FF-5E769BEF2EBA} = {7D3FBB79-1AD8-4ECE-BEDB-771A3E734586}
		{709BCDE8-B738-4B38-AA6D-B674F5836552} = {0E443DCC-CE93-43FC-87C8-92E38C7BAF81}
		{2E183177-1EFC-4C8A-991D-ED777B98C75F} = {709BCDE8-B738-4B38-AA6D-B674F5836552}
		{92B7C53B-BC20-4183-8FB6-D292315A6DA6} = {0E443DCC-CE93-43FC-87C8-92E38C7BAF81}
		{C3B3CC12-3580-47E7-8DFD-18262381CACF} = {92B7C53B-BC20-4183-8FB6-D292315A6DA6}
		{51A1C00C-FB75-492E-9B8F-B67654B9730F} = {0E443DCC-CE93-43FC-87C8-92E38C7BAF81}
		{837787B4-5BF9-402A-BD93-D9336678846D} = {51A1C00C-FB75-492E-9B8F-B67654B9730F}
		{C6B2CDC7-C3F3-42FC-A8AD-CD7324C48202} = {51A1C00C-FB75-492E-9B8F-B67654B9730F}
	EndGlobalSection
	GlobalSection(ProjectConfigurationPlatforms) = postSolution
		{DE63C0E6-B081-4F09-A5FF-5E769BEF2EBA}.Debug|Any CPU.ActiveCfg = Debug|Any CPU
		{DE63C0E6-B081-4F09-A5FF-5E769BEF2EBA}.Debug|Any CPU.Build.0 = Debug|Any CPU
		{DE63C0E6-B081-4F09-A5FF-5E769BEF2EBA}.Release|Any CPU.ActiveCfg = Release|Any CPU
		{DE63C0E6-B081-4F09-A5FF-5E769BEF2EBA}.Release|Any CPU.Build.0 = Release|Any CPU
		{2E183177-1EFC-4C8A-991D-ED777B98C75F}.Debug|Any CPU.ActiveCfg = Debug|Any CPU
		{2E183177-1EFC-4C8A-991D-ED777B98C75F}.Debug|Any CPU.Build.0 = Debug|Any CPU
		{2E183177-1EFC-4C8A-991D-ED777B98C75F}.Release|Any CPU.ActiveCfg = Release|Any CPU
		{2E183177-1EFC-4C8A-991D-ED777B98C75F}.Release|Any CPU.Build.0 = Release|Any CPU
		{C3B3CC12-3580-47E7-8DFD-18262381CACF}.Debug|Any CPU.ActiveCfg = Debug|Any CPU
		{C3B3CC12-3580-47E7-8DFD-18262381CACF}.Debug|Any CPU.Build.0 = Debug|Any CPU
		{C3B3CC12-3580-47E7-8DFD-18262381CACF}.Release|Any CPU.ActiveCfg = Release|Any CPU
		{C3B3CC12-3580-47E7-8DFD-18262381CACF}.Release|Any CPU.Build.0 = Release|Any CPU
		{837787B4-5BF9-402A-BD93-D9336678846D}.Debug|Any CPU.ActiveCfg = Debug|Any CPU
		{837787B4-5BF9-402A-BD93-D9336678846D}.Debug|Any CPU.Build.0 = Debug|Any CPU
		{837787B4-5BF9-402A-BD93-D9336678846D}.Release|Any CPU.ActiveCfg = Release|Any CPU
		{837787B4-5BF9-402A-BD93-D9336678846D}.Release|Any CPU.Build.0 = Release|Any CPU
		{C6B2CDC7-C3F3-42FC-A8AD-CD7324C48202}.Debug|Any CPU.ActiveCfg = Debug|Any CPU
		{C6B2CDC7-C3F3-42FC-A8AD-CD7324C48202}.Debug|Any CPU.Build.0 = Debug|Any CPU
		{C6B2CDC7-C3F3-42FC-A8AD-CD7324C48202}.Release|Any CPU.ActiveCfg = Release|Any CPU
		{C6B2CDC7-C3F3-42FC-A8AD-CD7324C48202}.Release|Any CPU.Build.0 = Release|Any CPU
	EndGlobalSection
EndGlobal
